
Microsoft Visual Studio Solution File, Format Version 12.00
# Visual Studio Version 16
VisualStudioVersion = 16.0.31424.327
MinimumVisualStudioVersion = 10.0.40219.1
Project("{FAE04EC0-301F-11D3-BF4B-00C04F79EFBC}") = "TryAgain", "TryAgain\TryAgain.csproj", "{A6D23C85-C700-4724-A055-D1F07C707779}"
EndProject
Global
	GlobalSection(SolutionConfigurationPlatforms) = preSolution
		Debug|Any CPU = Debug|Any CPU
		Release|Any CPU = Release|Any CPU
	EndGlobalSection
	GlobalSection(ProjectConfigurationPlatforms) = postSolution
		{A6D23C85-C700-4724-A055-D1F07C707779}.Debug|Any CPU.ActiveCfg = Debug|Any CPU
		{A6D23C85-C700-4724-A055-D1F07C707779}.Debug|Any CPU.Build.0 = Debug|Any CPU
		{A6D23C85-C700-4724-A055-D1F07C707779}.Release|Any CPU.ActiveCfg = Release|Any CPU
		{A6D23C85-C700-4724-A055-D1F07C707779}.Release|Any CPU.Build.0 = Release|Any CPU
	EndGlobalSection
	GlobalSection(SolutionProperties) = preSolution
		HideSolutionNode = FALSE
	EndGlobalSection
	GlobalSection(ExtensibilityGlobals) = postSolution
		SolutionGuid = {53AE310C-C326-4DE4-9381-A95279E61775}
	EndGlobalSection
EndGlobal
